
Microsoft Visual Studio Solution File, Format Version 12.00
# Visual Studio 14
VisualStudioVersion = 14.0.25420.1
MinimumVisualStudioVersion = 10.0.40219.1
Project("{F14B399A-7131-4C87-9E4B-1186C45EF12D}") = "TutorialNew", "TutorialNew\TutorialNew.rptproj", "{C2C35EDA-0137-41F9-B3FC-8A9326581F31}"
EndProject
Global
	GlobalSection(SolutionConfigurationPlatforms) = preSolution
		Debug|Default = Debug|Default
		DebugLocal|Default = DebugLocal|Default
		Release|Default = Release|Default
	EndGlobalSection
	GlobalSection(ProjectConfigurationPlatforms) = postSolution
		{C2C35EDA-0137-41F9-B3FC-8A9326581F31}.Debug|Default.ActiveCfg = Debug
		{C2C35EDA-0137-41F9-B3FC-8A9326581F31}.Debug|Default.Build.0 = Debug
		{C2C35EDA-0137-41F9-B3FC-8A9326581F31}.Debug|Default.Deploy.0 = Debug
		{C2C35EDA-0137-41F9-B3FC-8A9326581F31}.DebugLocal|Default.ActiveCfg = DebugLocal
		{C2C35EDA-0137-41F9-B3FC-8A9326581F31}.DebugLocal|Default.Build.0 = DebugLocal
		{C2C35EDA-0137-41F9-B3FC-8A9326581F31}.Release|Default.ActiveCfg = Release
		{C2C35EDA-0137-41F9-B3FC-8A9326581F31}.Release|Default.Build.0 = Release
		{C2C35EDA-0137-41F9-B3FC-8A9326581F31}.Release|Default.Deploy.0 = Release
	EndGlobalSection
	GlobalSection(SolutionProperties) = preSolution
		HideSolutionNode = FALSE
	EndGlobalSection
EndGlobal
